{
  "name": "rf-bot-tools",
  "version": "1.0.0",
  "lockfileVersion": 1,
  "requires": true,
  "dependencies": {
    "@bluelovers/fast-glob": {
      "version": "3.0.4",
      "resolved": "https://registry.npmjs.org/@bluelovers/fast-glob/-/fast-glob-3.0.4.tgz",
      "integrity": "sha512-djAOOjDWXolYArm5NXxOIX7Q7OGhAaRtMs5F968OxelWkMUU6PyU6tS66CFykVON4U5y8jXcsnVAFCaeuf1nEA==",
      "requires": {
        "bluebird": "^3",
        "fast-glob": "^3"
      }
    },
    "@bluelovers/string-natural-compare": {
      "version": "1.1.2",
      "resolved": "https://registry.npmjs.org/@bluelovers/string-natural-compare/-/string-natural-compare-1.1.2.tgz",
      "integrity": "sha512-IyoxY67CokEEcyFTkQ78a3fImuc0YaBvEOVtRLSx8O6czVD3QyzT1F7dykr2eFP/zYA7ohnwnSkUpQICLSc+Fw==",
      "requires": {
        "string-natural-compare": "^3.0.1"
      }
    },
    "@discordjs/collection": {
      "version": "0.1.5",
      "resolved": "https://registry.npmjs.org/@discordjs/collection/-/collection-0.1.5.tgz",
      "integrity": "sha512-CU1q0UXQUpFNzNB7gufgoisDHP7n+T3tkqTsp3MNUkVJ5+hS3BCvME8uCXAUFlz+6T2FbTCu75A+yQ7HMKqRKw=="
    },
    "@discordjs/form-data": {
      "version": "3.0.1",
      "resolved": "https://registry.npmjs.org/@discordjs/form-data/-/form-data-3.0.1.tgz",
      "integrity": "sha512-ZfFsbgEXW71Rw/6EtBdrP5VxBJy4dthyC0tpQKGKmYFImlmmrykO14Za+BiIVduwjte0jXEBlhSKf0MWbFp9Eg==",
      "requires": {
        "asynckit": "^0.4.0",
        "combined-stream": "^1.0.8",
        "mime-types": "^2.1.12"
      }
    },
    "@lazy-cjk/japanese": {
      "version": "1.2.8",
      "resolved": "https://registry.npmjs.org/@lazy-cjk/japanese/-/japanese-1.2.8.tgz",
      "integrity": "sha512-DcwTvFsc2jwbzcvu8p4d5ZM7USX/ntn7pmAcbAdpfgIPwY3KSUKrJoOJ/kErbLQpUZ86G8TcawmK9DpUslIwNg==",
      "requires": {
        "big.js": "^5.2.2",
        "lodash": "^4.17.19"
      }
    },
    "@lazy-cjk/jp-table-alias": {
      "version": "1.0.24",
      "resolved": "https://registry.npmjs.org/@lazy-cjk/jp-table-alias/-/jp-table-alias-1.0.24.tgz",
      "integrity": "sha512-SXa4eQRxhOkUlDG1rz788a2NqXQdPe6kDFwYAeQnuIaWG5wU7JIS0PsGCEkm9KTijcEJcNAVGjwfBPiub1r0KQ==",
      "requires": {
        "@lazy-cjk/jp-table-convert": "^1.0.25",
        "array-hyper-unique": "^1.1.9"
      }
    },
    "@lazy-cjk/jp-table-comparison": {
      "version": "1.0.12",
      "resolved": "https://registry.npmjs.org/@lazy-cjk/jp-table-comparison/-/jp-table-comparison-1.0.12.tgz",
      "integrity": "sha512-QCutjWIhTlggkRvcmVp7XlSxoF8Wyt5SffTDgpWnJSHstQKHSc37nSC6Cllt15s5IYpdWKbfJG7lfYk+VPp/Vg==",
      "requires": {
        "array-hyper-unique": "^1.1.9"
      }
    },
    "@lazy-cjk/jp-table-convert": {
      "version": "1.0.25",
      "resolved": "https://registry.npmjs.org/@lazy-cjk/jp-table-convert/-/jp-table-convert-1.0.25.tgz",
      "integrity": "sha512-2hJMG/KJtN22Kr3NZ1zObo+LAVTbKe13PaL66Ygql7C3smX6j9tAPb6fbMFG8tjf9UMDe+HBYxdsUzu4smbhkQ==",
      "requires": {
        "@lazy-cjk/jp-table-comparison": "^1.0.12",
        "regexp-helper": "^1.0.18",
        "uni-string": "^1.1.10"
      }
    },
    "@lazy-cjk/jp-table-voice": {
      "version": "1.0.16",
      "resolved": "https://registry.npmjs.org/@lazy-cjk/jp-table-voice/-/jp-table-voice-1.0.16.tgz",
      "integrity": "sha512-ThGp7CDqUlfsxz39zGQTLxUuGiNIsP8cNZetJlNwq7yf6X/B/kP5vENVhZ78NGUrjmen++7pJ29CE8URumIfyw==",
      "requires": {
        "array-hyper-unique": "^1.1.9",
        "ts-type": "^1.2.32"
      }
    },
    "@lazy-cjk/novel-filename": {
      "version": "1.0.32",
      "resolved": "https://registry.npmjs.org/@lazy-cjk/novel-filename/-/novel-filename-1.0.32.tgz",
      "integrity": "sha512-byQ2qrGdtI0aLLwtwXSGbWI8P34/DFYXauF1Cd6nSva+iT98LSilQ1f1zxlO1s2F3fW+g1/UXgqeHFKxDJfRHQ==",
      "requires": {
        "@lazy-cjk/jp-table-convert": "^1.0.25",
        "@lazy-cjk/zh-convert": "^1.0.31"
      }
    },
    "@lazy-cjk/static-build-zh-convert": {
      "version": "1.0.31",
      "resolved": "https://registry.npmjs.org/@lazy-cjk/static-build-zh-convert/-/static-build-zh-convert-1.0.31.tgz",
      "integrity": "sha512-wHan00go+cdTcbw8aSz3OpTFnl/uqFC9bQtGUHcCamXb6i4JfAs3wLtbBEyTovdOzr+tyFuOX9k9Ay+6xHPXxA=="
    },
    "@lazy-cjk/util": {
      "version": "1.0.7",
      "resolved": "https://registry.npmjs.org/@lazy-cjk/util/-/util-1.0.7.tgz",
      "integrity": "sha512-YQG4+ZYRXEe85L8AeCV7wlkG9H+LQnO2TwlXZGvI4VvQtag/Cs9nucT/0bC2KEG9T8s6nJyeeyg6+owW58E4xQ==",
      "requires": {
        "uni-string": "^1.1.10"
      }
    },
    "@lazy-cjk/zh-convert": {
      "version": "1.0.31",
      "resolved": "https://registry.npmjs.org/@lazy-cjk/zh-convert/-/zh-convert-1.0.31.tgz",
      "integrity": "sha512-fAfwwkogjMd09jvb2LiVNmIjdCpkr4o8WBeuMvAhwXXmwwXfhkUn7nx7ahzt0oYH36PysC6WnW0rBwq+7AG+zA==",
      "requires": {
        "@lazy-cjk/static-build-zh-convert": "^1.0.31",
        "array-hyper-unique": "^1.1.9",
        "regexp-helper": "^1.0.18",
        "uni-string": "^1.1.10"
      }
    },
    "@lazy-cjk/zh-convert-table": {
      "version": "1.0.16",
      "resolved": "https://registry.npmjs.org/@lazy-cjk/zh-convert-table/-/zh-convert-table-1.0.16.tgz",
      "integrity": "sha512-zKA9gK+URFj/z5rRvGGKRyx7USrEVBET+x0u+iok+LaqrzW7Vet6JxK0aeH31WuX0Yh9Rm1VgeGBvsxsEOW8ew=="
    },
    "@lazy-cjk/zh-slugify": {
      "version": "1.0.54",
      "resolved": "https://registry.npmjs.org/@lazy-cjk/zh-slugify/-/zh-slugify-1.0.54.tgz",
      "integrity": "sha512-dA9V4rE18PwVGulsusjZ+A+a1i6hIrRLJYII6w8lYdO2c/VJ/pvZYnwWqyGW66SXONNKAD6GQ3jNEylYyw7J6w==",
      "requires": {
        "@lazy-cjk/zh-table-greedy": "^1.0.52",
        "@lazy-cjk/zh-table-list": "^1.0.51"
      }
    },
    "@lazy-cjk/zh-table-alias": {
      "version": "1.0.39",
      "resolved": "https://registry.npmjs.org/@lazy-cjk/zh-table-alias/-/zh-table-alias-1.0.39.tgz",
      "integrity": "sha512-cj4GyGZ/wf1kexHeUz9MM/j832pccgxx85hsuRpinL+HpB+NSfpahQ0WqvETBFPSnDNajDJ3j1C7D6O+B6hP2w==",
      "requires": {
        "@lazy-cjk/jp-table-alias": "^1.0.24",
        "@lazy-cjk/zh-convert": "^1.0.31",
        "array-hyper-unique": "^1.1.9",
        "deepmerge-plus": "^2.1.3",
        "ts-type": "^1.2.32"
      }
    },
    "@lazy-cjk/zh-table-greedy": {
      "version": "1.0.52",
      "resolved": "https://registry.npmjs.org/@lazy-cjk/zh-table-greedy/-/zh-table-greedy-1.0.52.tgz",
      "integrity": "sha512-mqUfQVeDxbpHOvCZxt94QYX1r9G7opVYlGZwBYPkZF3gdEZRBhAGjhtDKGPt5xW6t6BHAPLNn1tphCwvgm5U6w==",
      "requires": {
        "array-hyper-unique": "^1.1.9",
        "uni-string": "^1.1.10"
      }
    },
    "@lazy-cjk/zh-table-list": {
      "version": "1.0.51",
      "resolved": "https://registry.npmjs.org/@lazy-cjk/zh-table-list/-/zh-table-list-1.0.51.tgz",
      "integrity": "sha512-6FiEbtAfINoCPaz1L0hycTTb8d0F4k/lcupTGlh8khMYYcKjScRijEBJHFy7dMHYXat2LZ79Gte9gp92jpFOgA==",
      "requires": {
        "@lazy-cjk/jp-table-convert": "^1.0.25",
        "@lazy-cjk/zh-convert": "^1.0.31",
        "@lazy-cjk/zh-table-alias": "^1.0.39",
        "@lazy-cjk/zh-table-greedy": "^1.0.52",
        "uni-string": "^1.1.10"
      }
    },
    "@microsoft/recognizers-text": {
      "version": "1.1.4",
      "resolved": "https://registry.npmjs.org/@microsoft/recognizers-text/-/recognizers-text-1.1.4.tgz",
      "integrity": "sha512-hlSVXcaX5i8JcjuUJpVxmy2Z/GxvFXarF0KVySCFop57wNEnrLWMHe4I4DjP866G19VyIKRw+vPA32pkGhZgTg=="
    },
    "@microsoft/recognizers-text-choice": {
      "version": "1.1.4",
      "resolved": "https://registry.npmjs.org/@microsoft/recognizers-text-choice/-/recognizers-text-choice-1.1.4.tgz",
      "integrity": "sha512-4CddwFe4RVhZeJgW65ocBrEdeukBMghK8pgI0K0Qy2eA5ysPZQpeZ7BGSDz5QMQei5LPY+QaAQ3CHU+ORHoO7A==",
      "requires": {
        "@microsoft/recognizers-text": "~1.1.4",
        "grapheme-splitter": "^1.0.2"
      }
    },
    "@microsoft/recognizers-text-date-time": {
      "version": "1.1.4",
      "resolved": "https://registry.npmjs.org/@microsoft/recognizers-text-date-time/-/recognizers-text-date-time-1.1.4.tgz",
      "integrity": "sha512-leMnjN+KYNwNvRD5T4G0ORUzkjlek/BBZDvQIjAujtyrd/pkViUnuouWIPkFT/dbSOxXML8et54CSk2KfHiWIA==",
      "requires": {
        "@microsoft/recognizers-text": "~1.1.4",
        "@microsoft/recognizers-text-number": "~1.1.4",
        "@microsoft/recognizers-text-number-with-unit": "~1.1.4",
        "lodash.isequal": "^4.5.0",
        "lodash.tonumber": "^4.0.3"
      }
    },
    "@microsoft/recognizers-text-number": {
      "version": "1.1.4",
      "resolved": "https://registry.npmjs.org/@microsoft/recognizers-text-number/-/recognizers-text-number-1.1.4.tgz",
      "integrity": "sha512-6EmlR+HR+eJBIX7sQby1vs6LJB64wxLowHaGpIU9OCXFvZ5Nb0QT8qh10rC40v3Mtrz4DpScXfSXr9tWkIO5MQ==",
      "requires": {
        "@microsoft/recognizers-text": "~1.1.4",
        "bignumber.js": "^7.2.1",
        "lodash.escaperegexp": "^4.1.2",
        "lodash.sortby": "^4.7.0",
        "lodash.trimend": "^4.5.1"
      }
    },
    "@microsoft/recognizers-text-number-with-unit": {
      "version": "1.1.4",
      "resolved": "https://registry.npmjs.org/@microsoft/recognizers-text-number-with-unit/-/recognizers-text-number-with-unit-1.1.4.tgz",
      "integrity": "sha512-zl+CfmfWK0x/x+iSgaBAevKTYO0F4+z7SYHAHztaaaGuX8FERw2jmUjSgVetm5KA3EveyCx0XYGU1mRNY8p7Eg==",
      "requires": {
        "@microsoft/recognizers-text": "~1.1.4",
        "@microsoft/recognizers-text-number": "~1.1.4",
        "lodash.escaperegexp": "^4.1.2",
        "lodash.last": "^3.0.0",
        "lodash.max": "^4.0.1"
      }
    },
    "@microsoft/recognizers-text-sequence": {
      "version": "1.1.4",
      "resolved": "https://registry.npmjs.org/@microsoft/recognizers-text-sequence/-/recognizers-text-sequence-1.1.4.tgz",
      "integrity": "sha512-rb5j8/aE7HSOdIxaVfCGFrj0wWPpSq0CuykFg/A/iJNPP+FnAU71bgP5HexrwQcpCsDinauisX7u0DKIChrHRA==",
      "requires": {
        "@microsoft/recognizers-text": "~1.1.4",
        "grapheme-splitter": "^1.0.2"
      }
    },
    "@microsoft/recognizers-text-suite": {
      "version": "1.1.4",
      "resolved": "https://registry.npmjs.org/@microsoft/recognizers-text-suite/-/recognizers-text-suite-1.1.4.tgz",
      "integrity": "sha512-hNIaR4M2G0nNeI9WZxt9C0KYh/1vhjeKzX5Ds8XDdT0pxF7zwCSo19WNcPjrVK6aCOeZTw/ULofsAjdu9gSkcA==",
      "requires": {
        "@microsoft/recognizers-text": "~1.1.4",
        "@microsoft/recognizers-text-choice": "~1.1.4",
        "@microsoft/recognizers-text-date-time": "~1.1.4",
        "@microsoft/recognizers-text-number": "~1.1.4",
        "@microsoft/recognizers-text-number-with-unit": "~1.1.4",
        "@microsoft/recognizers-text-sequence": "~1.1.4"
      }
    },
    "@nodelib/fs.scandir": {
      "version": "2.1.3",
      "resolved": "https://registry.npmjs.org/@nodelib/fs.scandir/-/fs.scandir-2.1.3.tgz",
      "integrity": "sha512-eGmwYQn3gxo4r7jdQnkrrN6bY478C3P+a/y72IJukF8LjB6ZHeB3c+Ehacj3sYeSmUXGlnA67/PmbM9CVwL7Dw==",
      "requires": {
        "@nodelib/fs.stat": "2.0.3",
        "run-parallel": "^1.1.9"
      }
    },
    "@nodelib/fs.stat": {
      "version": "2.0.3",
      "resolved": "https://registry.npmjs.org/@nodelib/fs.stat/-/fs.stat-2.0.3.tgz",
      "integrity": "sha512-bQBFruR2TAwoevBEd/NWMoAAtNGzTRgdrqnYCc7dhzfoNvqPzLyqlEQnzZ3kVnNrSp25iyxE00/3h2fqGAGArA=="
    },
    "@nodelib/fs.walk": {
      "version": "1.2.4",
      "resolved": "https://registry.npmjs.org/@nodelib/fs.walk/-/fs.walk-1.2.4.tgz",
      "integrity": "sha512-1V9XOY4rDW0rehzbrcqAmHnz8e7SKvX27gh8Gt2WgB0+pdzdiLV83p72kZPU+jvMbS1qU5mauP2iOvO8rhmurQ==",
      "requires": {
        "@nodelib/fs.scandir": "2.1.3",
        "fastq": "^1.6.0"
      }
    },
    "@novel-segment/dict-loader-core": {
      "version": "1.0.8",
      "resolved": "https://registry.npmjs.org/@novel-segment/dict-loader-core/-/dict-loader-core-1.0.8.tgz",
      "integrity": "sha512-WgfU/ngIGbcm5aC+Y1/ykhcBdEBajs1Zhh71iY9QDO1qANoXarXHRtCbELJRayQMQGr9dyPlhssbmHz/M4vfjw==",
      "requires": {
        "bluebird": "^3.7.2",
        "core-decorators": "^0.20.0",
        "crlf-normalize": "^1.0.5"
      }
    },
    "@novel-segment/loader-line": {
      "version": "1.0.8",
      "resolved": "https://registry.npmjs.org/@novel-segment/loader-line/-/loader-line-1.0.8.tgz",
      "integrity": "sha512-rt/s4Wx46Omb/123neLBBTGptiDKZ+wO2dN9iZCuedI0Zdi54Vyzie4M0Pn6ngUwFGF2RGdjd8lBrUH622UbXw==",
      "requires": {
        "@novel-segment/dict-loader-core": "^1.0.8"
      }
    },
    "@novel-segment/loader-stopword": {
      "version": "1.0.8",
      "resolved": "https://registry.npmjs.org/@novel-segment/loader-stopword/-/loader-stopword-1.0.8.tgz",
      "integrity": "sha512-c0rDimIcXuACq7aE31Ol5LbhP9DVO95CYzQ0iYifZ7NNiTt7xg4bLpc0RWB/Ldu49VtPDs9NysVhUOqRXR85zw==",
      "requires": {
        "@novel-segment/dict-loader-core": "^1.0.8"
      }
    },
    "@novel-segment/loaders": {
      "version": "1.0.14",
      "resolved": "https://registry.npmjs.org/@novel-segment/loaders/-/loaders-1.0.14.tgz",
      "integrity": "sha512-sTjcZeo+Dts/bmD2MVd1Nhlsc09Im/esFWgxlHX/6oak9MT5dzqHTOhjCeJ8StoWhGek2Z5ivjcgp+ZfFv1Iag==",
      "requires": {
        "@novel-segment/dict-loader-core": "^1.0.8",
        "@novel-segment/loader-line": "^1.0.8",
        "@novel-segment/loader-stopword": "^1.0.8",
        "@novel-segment/stream-loader-core": "^1.0.6"
      }
    },
    "@novel-segment/postag": {
      "version": "1.0.3",
      "resolved": "https://registry.npmjs.org/@novel-segment/postag/-/postag-1.0.3.tgz",
      "integrity": "sha512-cyUdNIBvOUixLobT6UHfYyIvqfzKDUEDSjMgfMNSaO6adk64kKIZo7XTVzHoQLjNxS2tMdtIE14URydEMG8E1A==",
      "requires": {
        "ts-enum-util": "^4.0.2",
        "ts-type": "^1.2.32"
      }
    },
    "@novel-segment/stream-loader-core": {
      "version": "1.0.6",
      "resolved": "https://registry.npmjs.org/@novel-segment/stream-loader-core/-/stream-loader-core-1.0.6.tgz",
      "integrity": "sha512-bDVSSwXjtAOrOvW2XLo9EHo2ToLRt3n4fvDw/aOfes2hvESv4/b+kSK+RBmj6Mv2cWKme9K2QQRC8WiApGWvmQ==",
      "requires": {
        "bluebird": "^3.7.2",
        "split2": "^3.1.1",
        "stream-pipe": "^1.0.1"
      }
    },
    "@novel-segment/util": {
      "version": "1.0.38",
      "resolved": "https://registry.npmjs.org/@novel-segment/util/-/util-1.0.38.tgz",
      "integrity": "sha512-XZMUFBtNU1GXuyKLgivQQBmVns/qI8+kjjGntWz0RBnCJ/gdeNqcD7+F61CjXdHwkvQlPG1xnqcmHahEfLs0Iw==",
      "requires": {
        "@bluelovers/string-natural-compare": "^1.1.2",
        "regexp-helper": "^1.0.18"
      }
    },
    "abort-controller": {
      "version": "3.0.0",
      "resolved": "https://registry.npmjs.org/abort-controller/-/abort-controller-3.0.0.tgz",
      "integrity": "sha512-h8lQ8tacZYnR3vNQTgibj+tODHI5/+l06Au2Pcriv/Gmet0eaj4TwWH41sO9wnHDiQsEj19q0drzdWdeAHtweg==",
      "requires": {
        "event-target-shim": "^5.0.0"
      }
    },
    "adler-32": {
      "version": "1.2.0",
      "resolved": "https://registry.npmjs.org/adler-32/-/adler-32-1.2.0.tgz",
      "integrity": "sha1-aj5r8KY5ALoVZSgIyxXGgT0aXyU=",
      "requires": {
        "exit-on-epipe": "~1.0.1",
        "printj": "~1.1.0"
      }
    },
    "ansi-regex": {
      "version": "5.0.0",
      "resolved": "https://registry.npmjs.org/ansi-regex/-/ansi-regex-5.0.0.tgz",
      "integrity": "sha512-bY6fj56OUQ0hU1KjFNDQuJFezqKdrAyFdIevADiqrWHwSlbmBNMHp5ak2f40Pm8JTFyM2mqxkG6ngkHO11f/lg=="
    },
    "array-hyper-unique": {
      "version": "1.1.9",
      "resolved": "https://registry.npmjs.org/array-hyper-unique/-/array-hyper-unique-1.1.9.tgz",
      "integrity": "sha512-HdRWD+dNaFDPfaQo2nnxeMEPHaBAR5NOLBL94jO0eA5DTLtOqm4rKUaIUuYvN/Ye26UZlUZKr9tKZ6ZXcSMGxg==",
      "requires": {
        "deep-eql": "^4.0.0",
        "lodash": "^4.17.15"
      }
    },
    "async": {
      "version": "2.6.3",
      "resolved": "https://registry.npmjs.org/async/-/async-2.6.3.tgz",
      "integrity": "sha512-zflvls11DCy+dQWzTW2dzuilv8Z5X/pjfmZOWba6TNIVDm+2UDaJmXSOXlasHKfNBs8oo3M0aT50fDEWfKZjXg==",
      "requires": {
        "lodash": "^4.17.14"
      }
    },
    "asynckit": {
      "version": "0.4.0",
      "resolved": "https://registry.npmjs.org/asynckit/-/asynckit-0.4.0.tgz",
      "integrity": "sha1-x57Zf380y48robyXkLzDZkdLS3k="
    },
    "big.js": {
      "version": "5.2.2",
      "resolved": "https://registry.npmjs.org/big.js/-/big.js-5.2.2.tgz",
      "integrity": "sha512-vyL2OymJxmarO8gxMr0mhChsO9QGwhynfuu4+MHTAW6czfq9humCB7rKpUjDd9YUiDPU4mzpyupFSvOClAwbmQ=="
    },
    "bignumber.js": {
      "version": "7.2.1",
      "resolved": "https://registry.npmjs.org/bignumber.js/-/bignumber.js-7.2.1.tgz",
      "integrity": "sha512-S4XzBk5sMB+Rcb/LNcpzXr57VRTxgAvaAEDAl1AwRx27j00hT84O6OkteE7u8UB3NuaaygCRrEpqox4uDOrbdQ=="
    },
    "bluebird": {
      "version": "3.7.2",
      "resolved": "https://registry.npmjs.org/bluebird/-/bluebird-3.7.2.tgz",
      "integrity": "sha512-XpNj6GDQzdfW+r2Wnn7xiSAd7TM3jzkxGXBGTtWKuSXv1xUV+azxAm8jdWZN06QTQk+2N2XB9jRDkvbmQmcRtg=="
    },
    "braces": {
      "version": "3.0.2",
      "resolved": "https://registry.npmjs.org/braces/-/braces-3.0.2.tgz",
      "integrity": "sha512-b8um+L1RzM3WDSzvhm6gIz1yfTbBt6YTlcEKAvsmqCZZFw46z626lVj9j1yEPW33H5H+lBQpZMP1k8l+78Ha0A==",
      "requires": {
        "fill-range": "^7.0.1"
      }
    },
    "cfb": {
      "version": "1.2.0",
      "resolved": "https://registry.npmjs.org/cfb/-/cfb-1.2.0.tgz",
      "integrity": "sha512-sXMvHsKCICVR3Naq+J556K+ExBo9n50iKl6LGarlnvuA2035uMlGA/qVrc0wQtow5P1vJEw9UyrKLCbtIKz+TQ==",
      "requires": {
        "adler-32": "~1.2.0",
        "crc-32": "~1.2.0",
        "printj": "~1.1.2"
      }
    },
    "chinese-parseint2": {
      "version": "1.1.3",
      "resolved": "https://registry.npmjs.org/chinese-parseint2/-/chinese-parseint2-1.1.3.tgz",
      "integrity": "sha512-MDdlrZw2gW+GKR3m8WmvyqTAhLMbEPFmkqeO1d14sSHPx2GghJYHlCuUnhwXMvNBywyAcVClEuHj3102Kr1kIA=="
    },
    "cjk-conv": {
      "version": "1.2.112",
      "resolved": "https://registry.npmjs.org/cjk-conv/-/cjk-conv-1.2.112.tgz",
      "integrity": "sha512-RBecYY51zAQyKdNZWhpBSW6izE0IioL0ttcxnz1VBLgO9p6EtPczatpXZPIZ+HuhL8XuBd2cpX6Bbvg6ZF2CiQ==",
      "requires": {
        "@lazy-cjk/jp-table-alias": "^1.0.24",
        "@lazy-cjk/jp-table-comparison": "^1.0.12",
        "@lazy-cjk/jp-table-convert": "^1.0.25",
        "@lazy-cjk/jp-table-voice": "^1.0.16",
        "@lazy-cjk/novel-filename": "^1.0.32",
        "@lazy-cjk/util": "^1.0.7",
        "@lazy-cjk/zh-convert": "^1.0.31",
        "@lazy-cjk/zh-convert-table": "^1.0.16",
        "@lazy-cjk/zh-slugify": "^1.0.54",
        "@lazy-cjk/zh-table-alias": "^1.0.39",
        "@lazy-cjk/zh-table-greedy": "^1.0.52",
        "@lazy-cjk/zh-table-list": "^1.0.51",
        "uni-string": "^1.1.10"
      }
    },
    "class-proxy": {
      "version": "1.1.2",
      "resolved": "https://registry.npmjs.org/class-proxy/-/class-proxy-1.1.2.tgz",
      "integrity": "sha512-kowpC1EGn0b5ZxOMbF8f7IO03gg6dtI1rwBIHMfG5dEAeOVpZpukN9cT4K9cxv+IG8JihVdsqPr0V5bitB+pqQ=="
    },
    "codepage": {
      "version": "1.14.0",
      "resolved": "https://registry.npmjs.org/codepage/-/codepage-1.14.0.tgz",
      "integrity": "sha1-jL4lSBMjVZ19MHVxsP/5HnodL5k=",
      "requires": {
        "commander": "~2.14.1",
        "exit-on-epipe": "~1.0.1"
      },
      "dependencies": {
        "commander": {
          "version": "2.14.1",
          "resolved": "https://registry.npmjs.org/commander/-/commander-2.14.1.tgz",
          "integrity": "sha512-+YR16o3rK53SmWHU3rEM3tPAh2rwb1yPcQX5irVn7mb0gXbwuCCrnkbV5+PBfETdfg1vui07nM6PCG1zndcjQw=="
        }
      }
    },
    "combined-stream": {
      "version": "1.0.8",
      "resolved": "https://registry.npmjs.org/combined-stream/-/combined-stream-1.0.8.tgz",
      "integrity": "sha512-FQN4MRfuJeHf7cBbBMJFXhKSDq+2kAArBlmRBvcvFE5BB1HZKXtSFASDhdlz9zOYwxh8lDdnvmMOe/+5cdoEdg==",
      "requires": {
        "delayed-stream": "~1.0.0"
      }
    },
    "commander": {
      "version": "2.17.1",
      "resolved": "https://registry.npmjs.org/commander/-/commander-2.17.1.tgz",
      "integrity": "sha512-wPMUt6FnH2yzG95SA6mzjQOEKUU3aLaDEmzs1ti+1E9h+CsrZghRlqEM/EJ4KscsQVG8uNN4uVreUeT8+drlgg=="
    },
    "core-decorators": {
      "version": "0.20.0",
      "resolved": "https://registry.npmjs.org/core-decorators/-/core-decorators-0.20.0.tgz",
      "integrity": "sha1-YFiWYkBTr4wo775zXCWjAaYcZcU="
    },
    "crc-32": {
      "version": "1.2.0",
      "resolved": "https://registry.npmjs.org/crc-32/-/crc-32-1.2.0.tgz",
      "integrity": "sha512-1uBwHxF+Y/4yF5G48fwnKq6QsIXheor3ZLPT80yGBV1oEUwpPojlEhQbWKVw1VwcTQyMGHK1/XMmTjmlsmTTGA==",
      "requires": {
        "exit-on-epipe": "~1.0.1",
        "printj": "~1.1.0"
      }
    },
    "crlf-normalize": {
      "version": "1.0.5",
      "resolved": "https://registry.npmjs.org/crlf-normalize/-/crlf-normalize-1.0.5.tgz",
      "integrity": "sha512-XgG+PN25iqPhYqi3noKy10MTMjWWxn/BrkZNrjEkQXQuD9/DqQWYSHkEb3TuYBwEcP/Vxmy/mbCpxo2/GfZ88A=="
    },
    "data-store": {
      "version": "4.0.3",
      "resolved": "https://registry.npmjs.org/data-store/-/data-store-4.0.3.tgz",
      "integrity": "sha512-AhPSqGVCSrFgi1PtkOLxYRrVhzbsma/drtxNkwTrT2q+LpLTG3AhOW74O/IMRy1cWftBx93SuLLKF19YsKkUMg==",
      "requires": {
        "get-value": "^3.0.1",
        "set-value": "^3.0.1"
      }
    },
    "deep-eql": {
      "version": "4.0.0",
      "resolved": "https://registry.npmjs.org/deep-eql/-/deep-eql-4.0.0.tgz",
      "integrity": "sha512-GxJC5MOg2KyQlv6WiUF/VAnMj4MWnYiXo4oLgeptOELVoknyErb4Z8+5F/IM/K4g9/80YzzatxmWcyRwUseH0A==",
      "requires": {
        "type-detect": "^4.0.0"
      }
    },
    "deep-is": {
      "version": "0.1.3",
      "resolved": "https://registry.npmjs.org/deep-is/-/deep-is-0.1.3.tgz",
      "integrity": "sha1-s2nW+128E+7PUk+RsHD+7cNXzzQ="
    },
    "deepmerge": {
      "version": "4.2.2",
      "resolved": "https://registry.npmjs.org/deepmerge/-/deepmerge-4.2.2.tgz",
      "integrity": "sha512-FJ3UgI4gIl+PHZm53knsuSFpE+nESMr7M4v9QcgB7S63Kj/6WqMiFQJpBBYz1Pt+66bZpP3Q7Lye0Oo9MPKEdg=="
    },
    "deepmerge-plus": {
      "version": "2.1.3",
      "resolved": "https://registry.npmjs.org/deepmerge-plus/-/deepmerge-plus-2.1.3.tgz",
      "integrity": "sha512-nmRWdc9y7aqrhnZ1bWA+LOQuMV9WY6roWrZ7HN86l+JQ4HYRKXSQwOTNHseU88Py/knsov4j5Qh5RuFqCsNN8g==",
      "requires": {
        "is-mergeable-object": "1.1.0"
      }
    },
    "delayed-stream": {
      "version": "1.0.0",
      "resolved": "https://registry.npmjs.org/delayed-stream/-/delayed-stream-1.0.0.tgz",
      "integrity": "sha1-3zrhmayt+31ECqrgsp4icrJOxhk="
    },
    "discord.js": {
      "version": "12.2.0",
      "resolved": "https://registry.npmjs.org/discord.js/-/discord.js-12.2.0.tgz",
      "integrity": "sha512-Ueb/0SOsxXyqwvwFYFe0msMrGqH1OMqpp2Dpbplnlr4MzcRrFWwsBM9gKNZXPVBHWUKiQkwU8AihXBXIvTTSvg==",
      "requires": {
        "@discordjs/collection": "^0.1.5",
        "@discordjs/form-data": "^3.0.1",
        "abort-controller": "^3.0.0",
        "node-fetch": "^2.6.0",
        "prism-media": "^1.2.0",
        "setimmediate": "^1.0.5",
        "tweetnacl": "^1.0.3",
        "ws": "^7.2.1"
      }
    },
    "dotenv": {
      "version": "8.2.0",
      "resolved": "https://registry.npmjs.org/dotenv/-/dotenv-8.2.0.tgz",
      "integrity": "sha512-8sJ78ElpbDJBHNeBzUbUVLsqKdccaa/BXF1uPTw3GrvQTBgrQrtObr2mUrE38vzYd8cEv+m/JBfDLioYcfXoaw=="
    },
    "doublearray": {
      "version": "0.0.2",
      "resolved": "https://registry.npmjs.org/doublearray/-/doublearray-0.0.2.tgz",
      "integrity": "sha1-Yxhv6NNEEydtNiH2qg7F954ifvk="
    },
    "emoji-regex": {
      "version": "9.0.0",
      "resolved": "https://registry.npmjs.org/emoji-regex/-/emoji-regex-9.0.0.tgz",
      "integrity": "sha512-6p1NII1Vm62wni/VR/cUMauVQoxmLVb9csqQlvLz+hO2gk8U2UYDfXHQSUYIBKmZwAKz867IDqG7B+u0mj+M6w=="
    },
    "es6-class-prototype": {
      "version": "1.0.4",
      "resolved": "https://registry.npmjs.org/es6-class-prototype/-/es6-class-prototype-1.0.4.tgz",
      "integrity": "sha512-w772noDRF8U+iSsg+wesXRNP61bMbKzky8JAvYEtQOI/DptYMN5cnNnGnjERGXoB+uPrhATbPz/wx7YCRwrpiA==",
      "requires": {
        "class-proxy": "^1.1.2"
      }
    },
    "escodegen": {
      "version": "1.14.3",
      "resolved": "https://registry.npmjs.org/escodegen/-/escodegen-1.14.3.tgz",
      "integrity": "sha512-qFcX0XJkdg+PB3xjZZG/wKSuT1PnQWx57+TVSjIMmILd2yC/6ByYElPwJnslDsuWuSAp4AwJGumarAAmJch5Kw==",
      "requires": {
        "esprima": "^4.0.1",
        "estraverse": "^4.2.0",
        "esutils": "^2.0.2",
        "optionator": "^0.8.1",
        "source-map": "~0.6.1"
      }
    },
    "esprima": {
      "version": "4.0.1",
      "resolved": "https://registry.npmjs.org/esprima/-/esprima-4.0.1.tgz",
      "integrity": "sha512-eGuFFw7Upda+g4p+QHvnW0RyTX/SVeJBDM/gCtMARO0cLuT2HcEKnTPvhjV6aGeqrCB/sbNop0Kszm0jsaWU4A=="
    },
    "estraverse": {
      "version": "4.3.0",
      "resolved": "https://registry.npmjs.org/estraverse/-/estraverse-4.3.0.tgz",
      "integrity": "sha512-39nnKffWz8xN1BU/2c79n9nB9HDzo0niYUqx6xyqUnyoAnQyyWpOTdZEeiCch8BBu515t4wp9ZmgVfVhn9EBpw=="
    },
    "esutils": {
      "version": "2.0.3",
      "resolved": "https://registry.npmjs.org/esutils/-/esutils-2.0.3.tgz",
      "integrity": "sha512-kVscqXk4OCp68SZ0dkgEKVi6/8ij300KBWTJq32P/dYeWTSwK41WyTxalN1eRmA5Z9UU/LX9D7FWSmV9SAYx6g=="
    },
    "event-target-shim": {
      "version": "5.0.1",
      "resolved": "https://registry.npmjs.org/event-target-shim/-/event-target-shim-5.0.1.tgz",
      "integrity": "sha512-i/2XbnSz/uxRCU6+NdVJgKWDTM427+MqYbkQzD321DuCQJUqOuJKIA0IM2+W2xtYHdKOmZ4dR6fExsd4SXL+WQ=="
    },
    "exit-on-epipe": {
      "version": "1.0.1",
      "resolved": "https://registry.npmjs.org/exit-on-epipe/-/exit-on-epipe-1.0.1.tgz",
      "integrity": "sha512-h2z5mrROTxce56S+pnvAV890uu7ls7f1kEvVGJbw1OlFH3/mlJ5bkXu0KRyW94v37zzHPiUd55iLn3DA7TjWpw=="
    },
    "fast-glob": {
      "version": "3.2.4",
      "resolved": "https://registry.npmjs.org/fast-glob/-/fast-glob-3.2.4.tgz",
      "integrity": "sha512-kr/Oo6PX51265qeuCYsyGypiO5uJFgBS0jksyG7FUeCyQzNwYnzrNIMR1NXfkZXsMYXYLRAHgISHBz8gQcxKHQ==",
      "requires": {
        "@nodelib/fs.stat": "^2.0.2",
        "@nodelib/fs.walk": "^1.2.3",
        "glob-parent": "^5.1.0",
        "merge2": "^1.3.0",
        "micromatch": "^4.0.2",
        "picomatch": "^2.2.1"
      }
    },
    "fast-levenshtein": {
      "version": "2.0.6",
      "resolved": "https://registry.npmjs.org/fast-levenshtein/-/fast-levenshtein-2.0.6.tgz",
      "integrity": "sha1-PYpcZog6FqMMqGQ+hR8Zuqd5eRc="
    },
    "fastq": {
      "version": "1.8.0",
      "resolved": "https://registry.npmjs.org/fastq/-/fastq-1.8.0.tgz",
      "integrity": "sha512-SMIZoZdLh/fgofivvIkmknUXyPnvxRE3DhtZ5Me3Mrsk5gyPL42F0xr51TdRXskBxHfMp+07bcYzfsYEsSQA9Q==",
      "requires": {
        "reusify": "^1.0.4"
      }
    },
    "fill-range": {
      "version": "7.0.1",
      "resolved": "https://registry.npmjs.org/fill-range/-/fill-range-7.0.1.tgz",
      "integrity": "sha512-qOo9F+dMUmC2Lcb4BbVvnKJxTPjCm+RRpe4gDuGrzkL7mEVl/djYSu2OdQ2Pa302N4oqkSg9ir6jaLWJ2USVpQ==",
      "requires": {
        "to-regex-range": "^5.0.1"
      }
    },
    "frac": {
      "version": "1.1.2",
      "resolved": "https://registry.npmjs.org/frac/-/frac-1.1.2.tgz",
      "integrity": "sha512-w/XBfkibaTl3YDqASwfDUqkna4Z2p9cFSr1aHDt0WoMTECnRfBOv2WArlZILlqgWlmdIlALXGpM2AOhEk5W3IA=="
    },
    "get-value": {
      "version": "3.0.1",
      "resolved": "https://registry.npmjs.org/get-value/-/get-value-3.0.1.tgz",
      "integrity": "sha512-mKZj9JLQrwMBtj5wxi6MH8Z5eSKaERpAwjg43dPtlGI1ZVEgH/qC7T8/6R2OBSUA+zzHBZgICsVJaEIV2tKTDA==",
      "requires": {
        "isobject": "^3.0.1"
      }
    },
    "glob-parent": {
      "version": "5.1.1",
      "resolved": "https://registry.npmjs.org/glob-parent/-/glob-parent-5.1.1.tgz",
      "integrity": "sha512-FnI+VGOpnlGHWZxthPGR+QhR78fuiK0sNLkHQv+bL9fQi57lNNdquIbna/WrfROrolq8GK5Ek6BiMwqL/voRYQ==",
      "requires": {
        "is-glob": "^4.0.1"
      }
    },
    "grapheme-splitter": {
      "version": "1.0.4",
      "resolved": "https://registry.npmjs.org/grapheme-splitter/-/grapheme-splitter-1.0.4.tgz",
      "integrity": "sha512-bzh50DW9kTPM00T8y4o8vQg89Di9oLJVLW/KaOGIXJWP/iqCN6WKYkbNOF04vFLJhwcpYUh9ydh/+5vpOqV4YQ=="
    },
    "inherits": {
      "version": "2.0.4",
      "resolved": "https://registry.npmjs.org/inherits/-/inherits-2.0.4.tgz",
      "integrity": "sha512-k/vGaX4/Yla3WzyMCvTQOXYeIHvqOKtnqBduzTHpzpQZzAskKMhZ2K+EnBiSM9zGSoIFeMpXKxa4dYeZIQqewQ=="
    },
    "is-extglob": {
      "version": "2.1.1",
      "resolved": "https://registry.npmjs.org/is-extglob/-/is-extglob-2.1.1.tgz",
      "integrity": "sha1-qIwCU1eR8C7TfHahueqXc8gz+MI="
    },
    "is-fullwidth-code-point": {
      "version": "3.0.0",
      "resolved": "https://registry.npmjs.org/is-fullwidth-code-point/-/is-fullwidth-code-point-3.0.0.tgz",
      "integrity": "sha512-zymm5+u+sCsSWyD9qNaejV3DFvhCKclKdizYaJUuHA83RLjb7nSuGnddCHGv0hk+KY7BMAlsWeK4Ueg6EV6XQg=="
    },
    "is-glob": {
      "version": "4.0.1",
      "resolved": "https://registry.npmjs.org/is-glob/-/is-glob-4.0.1.tgz",
      "integrity": "sha512-5G0tKtBTFImOqDnLB2hG6Bp2qcKEFduo4tZu9MT/H6NQv/ghhy30o55ufafxJ/LdH79LLs2Kfrn85TLKyA7BUg==",
      "requires": {
        "is-extglob": "^2.1.1"
      }
    },
    "is-mergeable-object": {
      "version": "1.1.0",
      "resolved": "https://registry.npmjs.org/is-mergeable-object/-/is-mergeable-object-1.1.0.tgz",
      "integrity": "sha512-JfyDDwUdtS4yHCgUpxOyKB9dnfZ0gecufxB0eytX6BmSXSE+8dbxDGt+V7CNRIRJ9sYFV/WQt2KJG6hNob2sBw=="
    },
    "is-number": {
      "version": "7.0.0",
      "resolved": "https://registry.npmjs.org/is-number/-/is-number-7.0.0.tgz",
      "integrity": "sha512-41Cifkg6e8TylSpdtTpeLVMqvSBEVzTttHvERD741+pnZ8ANv0004MRL43QKPDlK9cGvNp6NZWZUBlbGXYxxng=="
    },
    "is-plain-object": {
      "version": "2.0.4",
      "resolved": "https://registry.npmjs.org/is-plain-object/-/is-plain-object-2.0.4.tgz",
      "integrity": "sha512-h5PpgXkWitc38BBMYawTYMWJHFZJVnBquFE57xFpjB8pJFiF6gZ+bU+WyI/yqXiFR5mdLsgYNaPe8uao6Uv9Og==",
      "requires": {
        "isobject": "^3.0.1"
      }
    },
    "isobject": {
      "version": "3.0.1",
      "resolved": "https://registry.npmjs.org/isobject/-/isobject-3.0.1.tgz",
      "integrity": "sha1-TkMekrEalzFjaqH5yNHMvP2reN8="
    },
    "kuromoji": {
      "version": "0.1.2",
      "resolved": "https://registry.npmjs.org/kuromoji/-/kuromoji-0.1.2.tgz",
      "integrity": "sha512-V0dUf+C2LpcPEXhoHLMAop/bOht16Dyr+mDiIE39yX3vqau7p80De/koFqpiTcL1zzdZlc3xuHZ8u5gjYRfFaQ==",
      "requires": {
        "async": "^2.0.1",
        "doublearray": "0.0.2",
        "zlibjs": "^0.3.1"
      }
    },
    "levn": {
      "version": "0.3.0",
      "resolved": "https://registry.npmjs.org/levn/-/levn-0.3.0.tgz",
      "integrity": "sha1-OwmSTt+fCDwEkP3UwLxEIeBHZO4=",
      "requires": {
        "prelude-ls": "~1.1.2",
        "type-check": "~0.3.2"
      }
    },
    "lodash": {
      "version": "4.17.19",
      "resolved": "https://registry.npmjs.org/lodash/-/lodash-4.17.19.tgz",
      "integrity": "sha512-JNvd8XER9GQX0v2qJgsaN/mzFCNA5BRe/j8JN9d+tWyGLSodKQHKFicdwNYzWwI3wjRnaKPsGj1XkBjx/F96DQ=="
    },
    "lodash.escaperegexp": {
      "version": "4.1.2",
      "resolved": "https://registry.npmjs.org/lodash.escaperegexp/-/lodash.escaperegexp-4.1.2.tgz",
      "integrity": "sha1-ZHYsSGGAglGKw99Mz11YhtriA0c="
    },
    "lodash.isequal": {
      "version": "4.5.0",
      "resolved": "https://registry.npmjs.org/lodash.isequal/-/lodash.isequal-4.5.0.tgz",
      "integrity": "sha1-QVxEePK8wwEgwizhDtMib30+GOA="
    },
    "lodash.last": {
      "version": "3.0.0",
      "resolved": "https://registry.npmjs.org/lodash.last/-/lodash.last-3.0.0.tgz",
      "integrity": "sha1-JC9mMRLdTG5jcoxgo8kJ0b2tvUw="
    },
    "lodash.max": {
      "version": "4.0.1",
      "resolved": "https://registry.npmjs.org/lodash.max/-/lodash.max-4.0.1.tgz",
      "integrity": "sha1-hzVWbGGLNan3YFILSHrnllivE2o="
    },
    "lodash.sortby": {
      "version": "4.7.0",
      "resolved": "https://registry.npmjs.org/lodash.sortby/-/lodash.sortby-4.7.0.tgz",
      "integrity": "sha1-7dFMgk4sycHgsKG0K7UhBRakJDg="
    },
    "lodash.tonumber": {
      "version": "4.0.3",
      "resolved": "https://registry.npmjs.org/lodash.tonumber/-/lodash.tonumber-4.0.3.tgz",
      "integrity": "sha1-C5azGzVnJ5Prf1pj7nkfG56QJdk="
    },
    "lodash.trimend": {
      "version": "4.5.1",
      "resolved": "https://registry.npmjs.org/lodash.trimend/-/lodash.trimend-4.5.1.tgz",
      "integrity": "sha1-EoBENyhrmMrYmWt5QU4RMAEUCC8="
    },
    "merge2": {
      "version": "1.4.1",
      "resolved": "https://registry.npmjs.org/merge2/-/merge2-1.4.1.tgz",
      "integrity": "sha512-8q7VEgMJW4J8tcfVPy8g09NcQwZdbwFEqhe/WZkoIzjn/3TGDwtOCYtXGxA3O8tPzpczCCDgv+P2P5y00ZJOOg=="
    },
    "micromatch": {
      "version": "4.0.2",
      "resolved": "https://registry.npmjs.org/micromatch/-/micromatch-4.0.2.tgz",
      "integrity": "sha512-y7FpHSbMUMoyPbYUSzO6PaZ6FyRnQOpHuKwbo1G+Knck95XVU4QAiKdGEnj5wwoS7PlOgthX/09u5iFJ+aYf5Q==",
      "requires": {
        "braces": "^3.0.1",
        "picomatch": "^2.0.5"
      }
    },
    "mime-db": {
      "version": "1.44.0",
      "resolved": "https://registry.npmjs.org/mime-db/-/mime-db-1.44.0.tgz",
      "integrity": "sha512-/NOTfLrsPBVeH7YtFPgsVWveuL+4SjjYxaQ1xtM1KMFj7HdxlBlxeyNLzhyJVx7r4rZGJAZ/6lkKCitSc/Nmpg=="
    },
    "mime-types": {
      "version": "2.1.27",
      "resolved": "https://registry.npmjs.org/mime-types/-/mime-types-2.1.27.tgz",
      "integrity": "sha512-JIhqnCasI9yD+SsmkquHBxTSEuZdQX5BuQnS2Vc7puQQQ+8yiP5AY5uWhpdv4YL4VM5c6iliiYWPgJ/nJQLp7w==",
      "requires": {
        "mime-db": "1.44.0"
      }
    },
    "node-fetch": {
      "version": "2.6.0",
      "resolved": "https://registry.npmjs.org/node-fetch/-/node-fetch-2.6.0.tgz",
      "integrity": "sha512-8dG4H5ujfvFiqDmVu9fQ5bOHUC15JMjMY/Zumv26oOvvVJjM67KF8koCWIabKQ1GJIa9r2mMZscBq/TbdOcmNA=="
    },
    "node-nlp": {
      "version": "3.10.2",
      "resolved": "https://registry.npmjs.org/node-nlp/-/node-nlp-3.10.2.tgz",
      "integrity": "sha512-xvTGtbNJNeCNX4zmhDhmyLoocRoEYPRiYBitiD6zptvUjzK9gpO3VXl08QNpKJQXNXvdUE50AecRTaDVM0i8DQ==",
      "requires": {
        "@microsoft/recognizers-text-suite": "1.1.4",
        "escodegen": "^1.12.0",
        "esprima": "^4.0.1",
        "kuromoji": "^0.1.2",
        "novel-segment": "^2.5.0",
        "xlsx": "^0.15.1"
      }
    },
    "novel-segment": {
      "version": "2.7.50",
      "resolved": "https://registry.npmjs.org/novel-segment/-/novel-segment-2.7.50.tgz",
      "integrity": "sha512-fWloStfqXo7cnK1zVHc132+VfxJKpfVVZi/VBg7yEHZNkYDBLq8Lped6HKGzcrRep8zYnWqsCEbZ3dB1nDw+cQ==",
      "requires": {
        "@bluelovers/fast-glob": "^3.0.4",
        "@lazy-cjk/zh-table-list": "^1.0.51",
        "@novel-segment/postag": "^1.0.3",
        "array-hyper-unique": "^1.1.9",
        "bluebird": "^3.7.2",
        "cjk-conv": "^1.2.112",
        "core-decorators": "^0.20.0",
        "crlf-normalize": "^1.0.5",
        "deepmerge-plus": "^2.1.3",
        "lodash": "^4.17.19",
        "regexp-cjk": "^3.3.78",
        "segment-dict": "^2.3.132",
        "sort-object-keys2": "^2.0.3",
        "str-util": "^2.3.26",
        "ts-enum-util": "4.0.2",
        "ts-type": "^1.2.32",
        "uni-string": "^1.1.10"
      }
    },
    "optionator": {
      "version": "0.8.3",
      "resolved": "https://registry.npmjs.org/optionator/-/optionator-0.8.3.tgz",
      "integrity": "sha512-+IW9pACdk3XWmmTXG8m3upGUJst5XRGzxMRjXzAuJ1XnIFNvfhjjIuYkDvysnPQ7qzqVzLt78BCruntqRhWQbA==",
      "requires": {
        "deep-is": "~0.1.3",
        "fast-levenshtein": "~2.0.6",
        "levn": "~0.3.0",
        "prelude-ls": "~1.1.2",
        "type-check": "~0.3.2",
        "word-wrap": "~1.2.3"
      }
    },
    "picomatch": {
      "version": "2.2.2",
      "resolved": "https://registry.npmjs.org/picomatch/-/picomatch-2.2.2.tgz",
      "integrity": "sha512-q0M/9eZHzmr0AulXyPwNfZjtwZ/RBZlbN3K3CErVrk50T2ASYI7Bye0EvekFY3IP1Nt2DHu0re+V2ZHIpMkuWg=="
    },
    "prelude-ls": {
      "version": "1.1.2",
      "resolved": "https://registry.npmjs.org/prelude-ls/-/prelude-ls-1.1.2.tgz",
      "integrity": "sha1-IZMqVJ9eUv/ZqCf1cOBL5iqX2lQ="
    },
    "printj": {
      "version": "1.1.2",
      "resolved": "https://registry.npmjs.org/printj/-/printj-1.1.2.tgz",
      "integrity": "sha512-zA2SmoLaxZyArQTOPj5LXecR+RagfPSU5Kw1qP+jkWeNlrq+eJZyY2oS68SU1Z/7/myXM4lo9716laOFAVStCQ=="
    },
    "prism-media": {
      "version": "1.2.2",
      "resolved": "https://registry.npmjs.org/prism-media/-/prism-media-1.2.2.tgz",
      "integrity": "sha512-I+nkWY212lJ500jLe4tN9tWO7nRiBAVdMv76P9kffZjYhw20raMlW1HSSvS+MLXC9MmbNZCazMrAr+5jEEgTuw=="
    },
    "readable-stream": {
      "version": "3.6.0",
      "resolved": "https://registry.npmjs.org/readable-stream/-/readable-stream-3.6.0.tgz",
      "integrity": "sha512-BViHy7LKeTz4oNnkcLJ+lVSL6vpiFeX6/d3oSH8zCW7UxP2onchk+vTGB143xuFjHS3deTgkKoXXymXqymiIdA==",
      "requires": {
        "inherits": "^2.0.3",
        "string_decoder": "^1.1.1",
        "util-deprecate": "^1.0.1"
      }
    },
    "regexp-cjk": {
      "version": "3.3.78",
      "resolved": "https://registry.npmjs.org/regexp-cjk/-/regexp-cjk-3.3.78.tgz",
      "integrity": "sha512-GXRTgh6+irxYi8EB38IgEynQ3MpyzPLI+zihyNTnrOqEFzXeqkdbOoR3bCBkZetYteiSrdPpSe7PdoWINkECyQ==",
      "requires": {
        "@lazy-cjk/zh-table-list": "^1.0.51",
        "array-hyper-unique": "^1.1.9",
        "lodash": "^4.17.19",
        "regexp-helper": "^1.0.18",
        "regexp-parser-event": "^1.1.22",
        "regexp-parser-literal": "^1.1.14",
        "regexp-range": "^1.0.20",
        "regexp-support": "^1.0.31"
      }
    },
    "regexp-helper": {
      "version": "1.0.18",
      "resolved": "https://registry.npmjs.org/regexp-helper/-/regexp-helper-1.0.18.tgz",
      "integrity": "sha512-tKj0vWZrj77oWAyhH9/I10ePM95afYYv6NPjJuBTxpsI84zlqFgM+9w+DsTQb12eu3slGJyrJMpTNoOYPaTe/Q==",
      "requires": {
        "regexp-helper-core": "^1.0.11",
        "regexp-support": "^1.0.31"
      }
    },
    "regexp-helper-core": {
      "version": "1.0.11",
      "resolved": "https://registry.npmjs.org/regexp-helper-core/-/regexp-helper-core-1.0.11.tgz",
      "integrity": "sha512-hV5Kyb+8N82N3QWFh7MeWKPmKywXxT+DL+DmDdyVrlN2Q5yG2+SmUVBnOJ8AbdyStmp8SDx7WYMKp4SLWVGCOg=="
    },
    "regexp-parser-event": {
      "version": "1.1.22",
      "resolved": "https://registry.npmjs.org/regexp-parser-event/-/regexp-parser-event-1.1.22.tgz",
      "integrity": "sha512-8qJ5SsLVCfSp+pXVsX7pUwKcBZQl62fp6/zOw8zsre6KLj+DCVswBiZaH9c8I61tDBHk0H5I+Y31ZL2E9Hf9rA==",
      "requires": {
        "array-hyper-unique": "^1.1.9",
        "regexp-parser-literal": "^1.1.14",
        "regexpp2": "^1.3.9",
        "ts-type": "^1.2.32"
      }
    },
    "regexp-parser-literal": {
      "version": "1.1.14",
      "resolved": "https://registry.npmjs.org/regexp-parser-literal/-/regexp-parser-literal-1.1.14.tgz",
      "integrity": "sha512-wUz90Eq7nbMWXPusuYO5Kp02knl4f74Od8S1UJYy1CNorP18VAZ4Yy9Kx4BA1xffjiBtw6qr+axkmbHtYjOZug==",
      "requires": {
        "array-hyper-unique": "^1.1.9",
        "emoji-regex": "^9.0.0",
        "regexpp2": "^1.3.9",
        "uni-string": "^1.1.10"
      }
    },
    "regexp-range": {
      "version": "1.0.20",
      "resolved": "https://registry.npmjs.org/regexp-range/-/regexp-range-1.0.20.tgz",
      "integrity": "sha512-jYeTR54tvtWFgcW4N0nR6nOCIgZKIXg/qQf29dpOcz9IRnrm69YBXvmhYrUgURi1uzLJM7OM1QFVccPZxTpeng==",
      "requires": {
        "@lazy-cjk/japanese": "^1.2.8",
        "array-hyper-unique": "^1.1.9",
        "fill-range": "^7.0.1"
      }
    },
    "regexp-support": {
      "version": "1.0.31",
      "resolved": "https://registry.npmjs.org/regexp-support/-/regexp-support-1.0.31.tgz",
      "integrity": "sha512-f4SCiXD8NDDKPsZtCPHpGeN2Bo9hqOZuSnJaZUB2jBT5y60MH2VJMcDJ89Shr+cyAFDuGIGUR30UQcxD3R6T+w==",
      "requires": {
        "sort-object-keys2": "^2.0.3"
      }
    },
    "regexpp2": {
      "version": "1.3.9",
      "resolved": "https://registry.npmjs.org/regexpp2/-/regexpp2-1.3.9.tgz",
      "integrity": "sha512-77FojbyNbSnXoUDj7nzn7oa+K6oYnTqgzwBgAOREatB2FaeYTPkre51xmpxOL9TpYTh3qgJKwsGvm9bAP6FrMQ=="
    },
    "reusify": {
      "version": "1.0.4",
      "resolved": "https://registry.npmjs.org/reusify/-/reusify-1.0.4.tgz",
      "integrity": "sha512-U9nH88a3fc/ekCF1l0/UP1IosiuIjyTh7hBvXVMHYgVcfGvt897Xguj2UOLDeI5BG2m7/uwyaLVT6fbtCwTyzw=="
    },
    "run-parallel": {
      "version": "1.1.9",
      "resolved": "https://registry.npmjs.org/run-parallel/-/run-parallel-1.1.9.tgz",
      "integrity": "sha512-DEqnSRTDw/Tc3FXf49zedI638Z9onwUotBMiUFKmrO2sdFKIbXamXGQ3Axd4qgphxKB4kw/qP1w5kTxnfU1B9Q=="
    },
    "runes2": {
      "version": "0.4.14",
      "resolved": "https://registry.npmjs.org/runes2/-/runes2-0.4.14.tgz",
      "integrity": "sha512-/GlL1wVHDbx4kQRmCYM4LiT2awzYGrXQbhFmlCWtq57Xs4lNzYMhMldwcVrlpJ5nd+n80kSmroarcCaaepGWzg=="
    },
    "safe-buffer": {
      "version": "5.2.1",
      "resolved": "https://registry.npmjs.org/safe-buffer/-/safe-buffer-5.2.1.tgz",
      "integrity": "sha512-rp3So07KcdmmKbGvgaNxQSJr7bGVSVk5S9Eq1F+ppbRo70+YeaDxkw5Dd8NPN+GD6bjnYm2VuPuCXmpuYvmCXQ=="
    },
    "segment-dict": {
      "version": "2.3.132",
      "resolved": "https://registry.npmjs.org/segment-dict/-/segment-dict-2.3.132.tgz",
      "integrity": "sha512-mE6J6wAz5dP49kR403Z17qtvd1IG24uWEIWLTxJIvEypl7P37e9PsgpWjK/RZeR0AhdTo1WY8Q/cpwb0q/40fA==",
      "requires": {
        "@bluelovers/fast-glob": "^3.0.4",
        "@novel-segment/dict-loader-core": "^1.0.8",
        "@novel-segment/loader-stopword": "^1.0.8",
        "@novel-segment/loaders": "^1.0.14",
        "@novel-segment/stream-loader-core": "^1.0.6",
        "@novel-segment/util": "^1.0.38",
        "bluebird": "^3.7.2",
        "core-decorators": "^0.20.0",
        "crlf-normalize": "^1.0.5"
      }
    },
    "set-value": {
      "version": "3.0.2",
      "resolved": "https://registry.npmjs.org/set-value/-/set-value-3.0.2.tgz",
      "integrity": "sha512-npjkVoz+ank0zjlV9F47Fdbjfj/PfXyVhZvGALWsyIYU/qrMzpi6avjKW3/7KeSU2Df3I46BrN1xOI1+6vW0hA==",
      "requires": {
        "is-plain-object": "^2.0.4"
      }
    },
    "setimmediate": {
      "version": "1.0.5",
      "resolved": "https://registry.npmjs.org/setimmediate/-/setimmediate-1.0.5.tgz",
      "integrity": "sha1-KQy7Iy4waULX1+qbg3Mqt4VvgoU="
    },
    "sort-object-keys2": {
      "version": "2.0.3",
      "resolved": "https://registry.npmjs.org/sort-object-keys2/-/sort-object-keys2-2.0.3.tgz",
      "integrity": "sha512-iqhaVnv8sw6Gsj91Zdzyk2VJ7/Qt8XU3MfmOvHfLUISqswA51Ddi2Q44lVwLeGtxNGQ9qKvJpHRjcZvlQJ6srg=="
    },
    "source-map": {
      "version": "0.6.1",
      "resolved": "https://registry.npmjs.org/source-map/-/source-map-0.6.1.tgz",
      "integrity": "sha512-UjgapumWlbMhkBgzT7Ykc5YXUT46F0iKu8SGXq0bcwP5dz/h0Plj6enJqjz1Zbq2l5WaqYnrVbwWOWMyF3F47g==",
      "optional": true
    },
    "split2": {
      "version": "3.1.1",
      "resolved": "https://registry.npmjs.org/split2/-/split2-3.1.1.tgz",
      "integrity": "sha512-emNzr1s7ruq4N+1993yht631/JH+jaj0NYBosuKmLcq+JkGQ9MmTw1RB1fGaTCzUuseRIClrlSLHRNYGwWQ58Q==",
      "requires": {
        "readable-stream": "^3.0.0"
      }
    },
    "ssf": {
      "version": "0.10.3",
      "resolved": "https://registry.npmjs.org/ssf/-/ssf-0.10.3.tgz",
      "integrity": "sha512-pRuUdW0WwyB2doSqqjWyzwCD6PkfxpHAHdZp39K3dp/Hq7f+xfMwNAWIi16DyrRg4gg9c/RvLYkJTSawTPTm1w==",
      "requires": {
        "frac": "~1.1.2"
      }
    },
    "str-util": {
      "version": "2.3.26",
      "resolved": "https://registry.npmjs.org/str-util/-/str-util-2.3.26.tgz",
      "integrity": "sha512-HrRz1AYqhAlxLX3VdDp8VEx7IaV9kMMzpJTAEjykulgDwMUjDwJnuQaOxQsdSfYONryBfBrEkrF9WLuFkq12fQ==",
      "requires": {
        "@lazy-cjk/japanese": "^1.2.8",
        "chinese-parseint2": "^1.1.3",
        "cjk-conv": "^1.2.106",
        "deepmerge": "^4.2.2",
        "is-fullwidth-code-point": "^3.0.0",
        "strip-ansi": "^6.0.0",
        "ts-type": "^1.2.25",
        "uni-string": "^1.1.10"
      }
    },
    "stream-pipe": {
      "version": "1.0.1",
      "resolved": "https://registry.npmjs.org/stream-pipe/-/stream-pipe-1.0.1.tgz",
      "integrity": "sha512-8XfkJV83Mm5tmxbf0nhVOzJ6ptBGEzpuFh7h5il8ZSgGv9xCrS3DqT4vkmt3LetCuRSoAVfrN6tkZrcM07BQHQ=="
    },
    "string-natural-compare": {
      "version": "3.0.1",
      "resolved": "https://registry.npmjs.org/string-natural-compare/-/string-natural-compare-3.0.1.tgz",
      "integrity": "sha512-n3sPwynL1nwKi3WJ6AIsClwBMa0zTi54fn2oLU6ndfTSIO05xaznjSf15PcBZU6FNWbmN5Q6cxT4V5hGvB4taw=="
    },
    "string_decoder": {
      "version": "1.3.0",
      "resolved": "https://registry.npmjs.org/string_decoder/-/string_decoder-1.3.0.tgz",
      "integrity": "sha512-hkRX8U1WjJFd8LsDJ2yQ/wWWxaopEsABU1XfkM8A+j0+85JAGppt16cr1Whg6KIbb4okU6Mql6BOj+uup/wKeA==",
      "requires": {
        "safe-buffer": "~5.2.0"
      }
    },
    "strip-ansi": {
      "version": "6.0.0",
      "resolved": "https://registry.npmjs.org/strip-ansi/-/strip-ansi-6.0.0.tgz",
      "integrity": "sha512-AuvKTrTfQNYNIctbR1K/YGTR1756GycPsg7b9bdV9Duqur4gv6aKqHXah67Z8ImS7WEz5QVcOtlfW2rZEugt6w==",
      "requires": {
        "ansi-regex": "^5.0.0"
      }
    },
    "to-regex-range": {
      "version": "5.0.1",
      "resolved": "https://registry.npmjs.org/to-regex-range/-/to-regex-range-5.0.1.tgz",
      "integrity": "sha512-65P7iz6X5yEr1cwcgvQxbbIw7Uk3gOy5dIdtZ4rDveLqhrdJP+Li/Hx6tyK0NEb+2GCyneCMJiGqrADCSNk8sQ==",
      "requires": {
        "is-number": "^7.0.0"
      }
    },
    "ts-enum-util": {
      "version": "4.0.2",
      "resolved": "https://registry.npmjs.org/ts-enum-util/-/ts-enum-util-4.0.2.tgz",
      "integrity": "sha512-BB5qjvHYgYgOB/CaoA1Cy/B2QNnZ+nVBrJ15VV/AXGWx+AO83k5wgeLOJvkSLoKKavvH/M8Wj4ZbgROjsuYwzw=="
    },
    "ts-toolbelt": {
      "version": "6.15.0",
      "resolved": "https://registry.npmjs.org/ts-toolbelt/-/ts-toolbelt-6.15.0.tgz",
      "integrity": "sha512-WuXbnXmVgzAGdruH7jbYf4j/0Y4anfMOD0KUU8iw6/4SbzdQVpfso4BJ1Z/t7hKLN2++gWYIseaw/ciyWKLreQ=="
    },
    "ts-type": {
      "version": "1.2.32",
      "resolved": "https://registry.npmjs.org/ts-type/-/ts-type-1.2.32.tgz",
      "integrity": "sha512-2Tp/OXzX+VdsH0bNdUCdK4TzW2kAzJnduPMaI01/jAfZxTowmzZDouL0t51kPEG2ukMKQvxTJQ+e9OiVccTRfA==",
      "requires": {
        "ts-toolbelt": "^6.13.36",
        "typedarray-dts": "^1.0.0"
      }
    },
    "tweetnacl": {
      "version": "1.0.3",
      "resolved": "https://registry.npmjs.org/tweetnacl/-/tweetnacl-1.0.3.tgz",
      "integrity": "sha512-6rt+RN7aOi1nGMyC4Xa5DdYiukl2UWCbcJft7YhxReBGQD7OAM8Pbxw6YMo4r2diNEA8FEmu32YOn9rhaiE5yw=="
    },
    "type-check": {
      "version": "0.3.2",
      "resolved": "https://registry.npmjs.org/type-check/-/type-check-0.3.2.tgz",
      "integrity": "sha1-WITKtRLPHTVeP7eE8wgEsrUg23I=",
      "requires": {
        "prelude-ls": "~1.1.2"
      }
    },
    "type-detect": {
      "version": "4.0.8",
      "resolved": "https://registry.npmjs.org/type-detect/-/type-detect-4.0.8.tgz",
      "integrity": "sha512-0fr/mIH1dlO+x7TlcMy+bIDqKPsw/70tVyeHW787goQjhmqaZe10uwLujubK9q9Lg6Fiho1KUKDYz0Z7k7g5/g=="
    },
    "typedarray-dts": {
      "version": "1.0.0",
      "resolved": "https://registry.npmjs.org/typedarray-dts/-/typedarray-dts-1.0.0.tgz",
      "integrity": "sha512-Ka0DBegjuV9IPYFT1h0Qqk5U4pccebNIJCGl8C5uU7xtOs+jpJvKGAY4fHGK25hTmXZOEUl9Cnsg5cS6K/b5DA=="
    },
    "uni-string": {
      "version": "1.1.10",
      "resolved": "https://registry.npmjs.org/uni-string/-/uni-string-1.1.10.tgz",
      "integrity": "sha512-AKBMZ5XsIThnY7FBhjVEtJuVw78i+ot3+Ws+d6H6rJepfaTdLstBsCIQsrOX4xCWr8rO8r+gla8x1LM1ZhRgqg==",
      "requires": {
        "es6-class-prototype": "^1.0.4",
        "runes2": "^0.4.14"
      }
    },
    "util-deprecate": {
      "version": "1.0.2",
      "resolved": "https://registry.npmjs.org/util-deprecate/-/util-deprecate-1.0.2.tgz",
      "integrity": "sha1-RQ1Nyfpw3nMnYvvS1KKJgUGaDM8="
    },
    "wmf": {
      "version": "1.0.2",
      "resolved": "https://registry.npmjs.org/wmf/-/wmf-1.0.2.tgz",
      "integrity": "sha512-/p9K7bEh0Dj6WbXg4JG0xvLQmIadrner1bi45VMJTfnbVHsc7yIajZyoSoK60/dtVBs12Fm6WkUI5/3WAVsNMw=="
    },
    "word-wrap": {
      "version": "1.2.3",
      "resolved": "https://registry.npmjs.org/word-wrap/-/word-wrap-1.2.3.tgz",
      "integrity": "sha512-Hz/mrNwitNRh/HUAtM/VT/5VH+ygD6DV7mYKZAtHOrbs8U7lvPS6xf7EJKMF0uW1KJCl0H701g3ZGus+muE5vQ=="
    },
    "ws": {
      "version": "7.4.6",
      "resolved": "https://registry.npmjs.org/ws/-/ws-7.4.6.tgz",
      "integrity": "sha512-YmhHDO4MzaDLB+M9ym/mDA5z0naX8j7SIlT8f8z+I0VtzsRbekxEutHSme7NPS2qE8StCYQNUnfWdXta/Yu85A=="
    },
    "xlsx": {
      "version": "0.15.6",
      "resolved": "https://registry.npmjs.org/xlsx/-/xlsx-0.15.6.tgz",
      "integrity": "sha512-7vD9eutyLs65iDjNFimVN+gk/oDkfkCgpQUjdE82QgzJCrBHC4bGPH7fzKVyy0UPp3gyFVQTQEFJaWaAvZCShQ==",
      "requires": {
        "adler-32": "~1.2.0",
        "cfb": "^1.1.4",
        "codepage": "~1.14.0",
        "commander": "~2.17.1",
        "crc-32": "~1.2.0",
        "exit-on-epipe": "~1.0.1",
        "ssf": "~0.10.3",
        "wmf": "~1.0.1"
      }
    },
    "zlibjs": {
      "version": "0.3.1",
      "resolved": "https://registry.npmjs.org/zlibjs/-/zlibjs-0.3.1.tgz",
      "integrity": "sha1-UBl+2yihxCymWcyLTmqd3W1ERVQ="
    }
  }
}
